
Microsoft Visual Studio Solution File, Format Version 12.00
# Visual Studio 15
VisualStudioVersion = 15.0.27428.2037
MinimumVisualStudioVersion = 10.0.40219.1
Project("{FAE04EC0-301F-11D3-BF4B-00C04F79EFBC}") = "opentheknock.Android", "opentheknock\opentheknock.Android\opentheknock.Android.csproj", "{04297CCB-D005-452A-BA60-0CF94AE85BE2}"
EndProject
Project("{FAE04EC0-301F-11D3-BF4B-00C04F79EFBC}") = "opentheknock.iOS", "opentheknock\opentheknock.iOS\opentheknock.iOS.csproj", "{E402DB4C-0B4E-4693-9847-E605E0F47E90}"
EndProject
Project("{FAE04EC0-301F-11D3-BF4B-00C04F79EFBC}") = "opentheknock.UWP", "opentheknock\opentheknock.UWP\opentheknock.UWP.csproj", "{2C18A7D9-9FE2-4C7A-8865-1502459519DB}"
EndProject
Project("{D954291E-2A0B-460D-934E-DC6B0785DB48}") = "opentheknock", "opentheknock\opentheknock\opentheknock.shproj", "{0B7BFC59-5673-44D7-BEAC-F1E62F598AC5}"
EndProject
Global
	GlobalSection(SharedMSBuildProjectFiles) = preSolution
		opentheknock\opentheknock\opentheknock.projitems*{04297ccb-d005-452a-ba60-0cf94ae85be2}*SharedItemsImports = 4
		opentheknock\opentheknock\opentheknock.projitems*{0b7bfc59-5673-44d7-beac-f1e62f598ac5}*SharedItemsImports = 13
		opentheknock\opentheknock\opentheknock.projitems*{2c18a7d9-9fe2-4c7a-8865-1502459519db}*SharedItemsImports = 4
		opentheknock\opentheknock\opentheknock.projitems*{e402db4c-0b4e-4693-9847-e605e0f47e90}*SharedItemsImports = 4
	EndGlobalSection
	GlobalSection(SolutionConfigurationPlatforms) = preSolution
		Ad-Hoc|Any CPU = Ad-Hoc|Any CPU
		Ad-Hoc|ARM = Ad-Hoc|ARM
		Ad-Hoc|iPhone = Ad-Hoc|iPhone
		Ad-Hoc|iPhoneSimulator = Ad-Hoc|iPhoneSimulator
		Ad-Hoc|x64 = Ad-Hoc|x64
		Ad-Hoc|x86 = Ad-Hoc|x86
		AppStore|Any CPU = AppStore|Any CPU
		AppStore|ARM = AppStore|ARM
		AppStore|iPhone = AppStore|iPhone
		AppStore|iPhoneSimulator = AppStore|iPhoneSimulator
		AppStore|x64 = AppStore|x64
		AppStore|x86 = AppStore|x86
		Debug|Any CPU = Debug|Any CPU
		Debug|ARM = Debug|ARM
		Debug|iPhone = Debug|iPhone
		Debug|iPhoneSimulator = Debug|iPhoneSimulator
		Debug|x64 = Debug|x64
		Debug|x86 = Debug|x86
		Release|Any CPU = Release|Any CPU
		Release|ARM = Release|ARM
		Release|iPhone = Release|iPhone
		Release|iPhoneSimulator = Release|iPhoneSimulator
		Release|x64 = Release|x64
		Release|x86 = Release|x86
	EndGlobalSection
	GlobalSection(ProjectConfigurationPlatforms) = postSolution
		{04297CCB-D005-452A-BA60-0CF94AE85BE2}.Ad-Hoc|Any CPU.ActiveCfg = Release|Any CPU
		{04297CCB-D005-452A-BA60-0CF94AE85BE2}.Ad-Hoc|Any CPU.Build.0 = Release|Any CPU
		{04297CCB-D005-452A-BA60-0CF94AE85BE2}.Ad-Hoc|Any CPU.Deploy.0 = Release|Any CPU
		{04297CCB-D005-452A-BA60-0CF94AE85BE2}.Ad-Hoc|ARM.ActiveCfg = Release|Any CPU
		{04297CCB-D005-452A-BA60-0CF94AE85BE2}.Ad-Hoc|ARM.Build.0 = Release|Any CPU
		{04297CCB-D005-452A-BA60-0CF94AE85BE2}.Ad-Hoc|ARM.Deploy.0 = Release|Any CPU
		{04297CCB-D005-452A-BA60-0CF94AE85BE2}.Ad-Hoc|iPhone.ActiveCfg = Release|Any CPU
		{04297CCB-D005-452A-BA60-0CF94AE85BE2}.Ad-Hoc|iPhone.Build.0 = Release|Any CPU
		{04297CCB-D005-452A-BA60-0CF94AE85BE2}.Ad-Hoc|iPhone.Deploy.0 = Release|Any CPU
		{04297CCB-D005-452A-BA60-0CF94AE85BE2}.Ad-Hoc|iPhoneSimulator.ActiveCfg = Release|Any CPU
		{04297CCB-D005-452A-BA60-0CF94AE85BE2}.Ad-Hoc|iPhoneSimulator.Build.0 = Release|Any CPU
		{04297CCB-D005-452A-BA60-0CF94AE85BE2}.Ad-Hoc|iPhoneSimulator.Deploy.0 = Release|Any CPU
		{04297CCB-D005-452A-BA60-0CF94AE85BE2}.Ad-Hoc|x64.ActiveCfg = Release|Any CPU
		{04297CCB-D005-452A-BA60-0CF94AE85BE2}.Ad-Hoc|x64.Build.0 = Release|Any CPU
		{04297CCB-D005-452A-BA60-0CF94AE85BE2}.Ad-Hoc|x64.Deploy.0 = Release|Any CPU
		{04297CCB-D005-452A-BA60-0CF94AE85BE2}.Ad-Hoc|x86.ActiveCfg = Release|Any CPU
		{04297CCB-D005-452A-BA60-0CF94AE85BE2}.Ad-Hoc|x86.Build.0 = Release|Any CPU
		{04297CCB-D005-452A-BA60-0CF94AE85BE2}.Ad-Hoc|x86.Deploy.0 = Release|Any CPU
		{04297CCB-D005-452A-BA60-0CF94AE85BE2}.AppStore|Any CPU.ActiveCfg = Release|Any CPU
		{04297CCB-D005-452A-BA60-0CF94AE85BE2}.AppStore|Any CPU.Build.0 = Release|Any CPU
		{04297CCB-D005-452A-BA60-0CF94AE85BE2}.AppStore|Any CPU.Deploy.0 = Release|Any CPU
		{04297CCB-D005-452A-BA60-0CF94AE85BE2}.AppStore|ARM.ActiveCfg = Release|Any CPU
		{04297CCB-D005-452A-BA60-0CF94AE85BE2}.AppStore|ARM.Build.0 = Release|Any CPU
		{04297CCB-D005-452A-BA60-0CF94AE85BE2}.AppStore|ARM.Deploy.0 = Release|Any CPU
		{04297CCB-D005-452A-BA60-0CF94AE85BE2}.AppStore|iPhone.ActiveCfg = Release|Any CPU
		{04297CCB-D005-452A-BA60-0CF94AE85BE2}.AppStore|iPhone.Build.0 = Release|Any CPU
		{04297CCB-D005-452A-BA60-0CF94AE85BE2}.AppStore|iPhone.Deploy.0 = Release|Any CPU
		{04297CCB-D005-452A-BA60-0CF94AE85BE2}.AppStore|iPhoneSimulator.ActiveCfg = Release|Any CPU
		{04297CCB-D005-452A-BA60-0CF94AE85BE2}.AppStore|iPhoneSimulator.Build.0 = Release|Any CPU
		{04297CCB-D005-452A-BA60-0CF94AE85BE2}.AppStore|iPhoneSimulator.Deploy.0 = Release|Any CPU
		{04297CCB-D005-452A-BA60-0CF94AE85BE2}.AppStore|x64.ActiveCfg = Release|Any CPU
		{04297CCB-D005-452A-BA60-0CF94AE85BE2}.AppStore|x64.Build.0 = Release|Any CPU
		{04297CCB-D005-452A-BA60-0CF94AE85BE2}.AppStore|x64.Deploy.0 = Release|Any CPU
		{04297CCB-D005-452A-BA60-0CF94AE85BE2}.AppStore|x86.ActiveCfg = Release|Any CPU
		{04297CCB-D005-452A-BA60-0CF94AE85BE2}.AppStore|x86.Build.0 = Release|Any CPU
		{04297CCB-D005-452A-BA60-0CF94AE85BE2}.AppStore|x86.Deploy.0 = Release|Any CPU
		{04297CCB-D005-452A-BA60-0CF94AE85BE2}.Debug|Any CPU.ActiveCfg = Debug|Any CPU
		{04297CCB-D005-452A-BA60-0CF94AE85BE2}.Debug|Any CPU.Build.0 = Debug|Any CPU
		{04297CCB-D005-452A-BA60-0CF94AE85BE2}.Debug|Any CPU.Deploy.0 = Debug|Any CPU
		{04297CCB-D005-452A-BA60-0CF94AE85BE2}.Debug|ARM.ActiveCfg = Debug|Any CPU
		{04297CCB-D005-452A-BA60-0CF94AE85BE2}.Debug|ARM.Build.0 = Debug|Any CPU
		{04297CCB-D005-452A-BA60-0CF94AE85BE2}.Debug|ARM.Deploy.0 = Debug|Any CPU
		{04297CCB-D005-452A-BA60-0CF94AE85BE2}.Debug|iPhone.ActiveCfg = Debug|Any CPU
		{04297CCB-D005-452A-BA60-0CF94AE85BE2}.Debug|iPhone.Build.0 = Debug|Any CPU
		{04297CCB-D005-452A-BA60-0CF94AE85BE2}.Debug|iPhone.Deploy.0 = Debug|Any CPU
		{04297CCB-D005-452A-BA60-0CF94AE85BE2}.Debug|iPhoneSimulator.ActiveCfg = Debug|Any CPU
		{04297CCB-D005-452A-BA60-0CF94AE85BE2}.Debug|iPhoneSimulator.Build.0 = Debug|Any CPU
		{04297CCB-D005-452A-BA60-0CF94AE85BE2}.Debug|iPhoneSimulator.Deploy.0 = Debug|Any CPU
		{04297CCB-D005-452A-BA60-0CF94AE85BE2}.Debug|x64.ActiveCfg = Debug|Any CPU
		{04297CCB-D005-452A-BA60-0CF94AE85BE2}.Debug|x64.Build.0 = Debug|Any CPU
		{04297CCB-D005-452A-BA60-0CF94AE85BE2}.Debug|x64.Deploy.0 = Debug|Any CPU
		{04297CCB-D005-452A-BA60-0CF94AE85BE2}.Debug|x86.ActiveCfg = Debug|Any CPU
		{04297CCB-D005-452A-BA60-0CF94AE85BE2}.Debug|x86.Build.0 = Debug|Any CPU
		{04297CCB-D005-452A-BA60-0CF94AE85BE2}.Debug|x86.Deploy.0 = Debug|Any CPU
		{04297CCB-D005-452A-BA60-0CF94AE85BE2}.Release|Any CPU.ActiveCfg = Release|Any CPU
		{04297CCB-D005-452A-BA60-0CF94AE85BE2}.Release|Any CPU.Build.0 = Release|Any CPU
		{04297CCB-D005-452A-BA60-0CF94AE85BE2}.Release|Any CPU.Deploy.0 = Release|Any CPU
		{04297CCB-D005-452A-BA60-0CF94AE85BE2}.Release|ARM.ActiveCfg = Release|Any CPU
		{04297CCB-D005-452A-BA60-0CF94AE85BE2}.Release|ARM.Build.0 = Release|Any CPU
		{04297CCB-D005-452A-BA60-0CF94AE85BE2}.Release|ARM.Deploy.0 = Release|Any CPU
		{04297CCB-D005-452A-BA60-0CF94AE85BE2}.Release|iPhone.ActiveCfg = Release|Any CPU
		{04297CCB-D005-452A-BA60-0CF94AE85BE2}.Release|iPhone.Build.0 = Release|Any CPU
		{04297CCB-D005-452A-BA60-0CF94AE85BE2}.Release|iPhone.Deploy.0 = Release|Any CPU
		{04297CCB-D005-452A-BA60-0CF94AE85BE2}.Release|iPhoneSimulator.ActiveCfg = Release|Any CPU
		{04297CCB-D005-452A-BA60-0CF94AE85BE2}.Release|iPhoneSimulator.Build.0 = Release|Any CPU
		{04297CCB-D005-452A-BA60-0CF94AE85BE2}.Release|iPhoneSimulator.Deploy.0 = Release|Any CPU
		{04297CCB-D005-452A-BA60-0CF94AE85BE2}.Release|x64.ActiveCfg = Release|Any CPU
		{04297CCB-D005-452A-BA60-0CF94AE85BE2}.Release|x64.Build.0 = Release|Any CPU
		{04297CCB-D005-452A-BA60-0CF94AE85BE2}.Release|x64.Deploy.0 = Release|Any CPU
		{04297CCB-D005-452A-BA60-0CF94AE85BE2}.Release|x86.ActiveCfg = Release|Any CPU
		{04297CCB-D005-452A-BA60-0CF94AE85BE2}.Release|x86.Build.0 = Release|Any CPU
		{04297CCB-D005-452A-BA60-0CF94AE85BE2}.Release|x86.Deploy.0 = Release|Any CPU
		{E402DB4C-0B4E-4693-9847-E605E0F47E90}.Ad-Hoc|Any CPU.ActiveCfg = Ad-Hoc|iPhone
		{E402DB4C-0B4E-4693-9847-E605E0F47E90}.Ad-Hoc|ARM.ActiveCfg = Ad-Hoc|iPhone
		{E402DB4C-0B4E-4693-9847-E605E0F47E90}.Ad-Hoc|iPhone.ActiveCfg = Ad-Hoc|iPhone
		{E402DB4C-0B4E-4693-9847-E605E0F47E90}.Ad-Hoc|iPhone.Build.0 = Ad-Hoc|iPhone
		{E402DB4C-0B4E-4693-9847-E605E0F47E90}.Ad-Hoc|iPhoneSimulator.ActiveCfg = Ad-Hoc|iPhoneSimulator
		{E402DB4C-0B4E-4693-9847-E605E0F47E90}.Ad-Hoc|iPhoneSimulator.Build.0 = Ad-Hoc|iPhoneSimulator
		{E402DB4C-0B4E-4693-9847-E605E0F47E90}.Ad-Hoc|x64.ActiveCfg = Ad-Hoc|iPhone
		{E402DB4C-0B4E-4693-9847-E605E0F47E90}.Ad-Hoc|x86.ActiveCfg = Ad-Hoc|iPhone
		{E402DB4C-0B4E-4693-9847-E605E0F47E90}.AppStore|Any CPU.ActiveCfg = AppStore|iPhone
		{E402DB4C-0B4E-4693-9847-E605E0F47E90}.AppStore|ARM.ActiveCfg = AppStore|iPhone
		{E402DB4C-0B4E-4693-9847-E605E0F47E90}.AppStore|iPhone.ActiveCfg = AppStore|iPhone
		{E402DB4C-0B4E-4693-9847-E605E0F47E90}.AppStore|iPhone.Build.0 = AppStore|iPhone
		{E402DB4C-0B4E-4693-9847-E605E0F47E90}.AppStore|iPhoneSimulator.ActiveCfg = AppStore|iPhoneSimulator
		{E402DB4C-0B4E-4693-9847-E605E0F47E90}.AppStore|iPhoneSimulator.Build.0 = AppStore|iPhoneSimulator
		{E402DB4C-0B4E-4693-9847-E605E0F47E90}.AppStore|x64.ActiveCfg = AppStore|iPhone
		{E402DB4C-0B4E-4693-9847-E605E0F47E90}.AppStore|x86.ActiveCfg = AppStore|iPhone
		{E402DB4C-0B4E-4693-9847-E605E0F47E90}.Debug|Any CPU.ActiveCfg = Debug|iPhone
		{E402DB4C-0B4E-4693-9847-E605E0F47E90}.Debug|ARM.ActiveCfg = Debug|iPhone
		{E402DB4C-0B4E-4693-9847-E605E0F47E90}.Debug|iPhone.ActiveCfg = Debug|iPhone
		{E402DB4C-0B4E-4693-9847-E605E0F47E90}.Debug|iPhone.Build.0 = Debug|iPhone
		{E402DB4C-0B4E-4693-9847-E605E0F47E90}.Debug|iPhoneSimulator.ActiveCfg = Debug|iPhoneSimulator
		{E402DB4C-0B4E-4693-9847-E605E0F47E90}.Debug|iPhoneSimulator.Build.0 = Debug|iPhoneSimulator
		{E402DB4C-0B4E-4693-9847-E605E0F47E90}.Debug|x64.ActiveCfg = Debug|iPhone
		{E402DB4C-0B4E-4693-9847-E605E0F47E90}.Debug|x86.ActiveCfg = Debug|iPhone
		{E402DB4C-0B4E-4693-9847-E605E0F47E90}.Release|Any CPU.ActiveCfg = Release|iPhone
		{E402DB4C-0B4E-4693-9847-E605E0F47E90}.Release|ARM.ActiveCfg = Release|iPhone
		{E402DB4C-0B4E-4693-9847-E605E0F47E90}.Release|iPhone.ActiveCfg = Release|iPhone
		{E402DB4C-0B4E-4693-9847-E605E0F47E90}.Release|iPhone.Build.0 = Release|iPhone
		{E402DB4C-0B4E-4693-9847-E605E0F47E90}.Release|iPhoneSimulator.ActiveCfg = Release|iPhoneSimulator
		{E402DB4C-0B4E-4693-9847-E605E0F47E90}.Release|iPhoneSimulator.Build.0 = Release|iPhoneSimulator
		{E402DB4C-0B4E-4693-9847-E605E0F47E90}.Release|x64.ActiveCfg = Release|iPhone
		{E402DB4C-0B4E-4693-9847-E605E0F47E90}.Release|x86.ActiveCfg = Release|iPhone
		{2C18A7D9-9FE2-4C7A-8865-1502459519DB}.Ad-Hoc|Any CPU.ActiveCfg = Release|x86
		{2C18A7D9-9FE2-4C7A-8865-1502459519DB}.Ad-Hoc|Any CPU.Build.0 = Release|x86
		{2C18A7D9-9FE2-4C7A-8865-1502459519DB}.Ad-Hoc|Any CPU.Deploy.0 = Release|x86
		{2C18A7D9-9FE2-4C7A-8865-1502459519DB}.Ad-Hoc|ARM.ActiveCfg = Release|ARM
		{2C18A7D9-9FE2-4C7A-8865-1502459519DB}.Ad-Hoc|ARM.Build.0 = Release|ARM
		{2C18A7D9-9FE2-4C7A-8865-1502459519DB}.Ad-Hoc|ARM.Deploy.0 = Release|ARM
		{2C18A7D9-9FE2-4C7A-8865-1502459519DB}.Ad-Hoc|iPhone.ActiveCfg = Release|x86
		{2C18A7D9-9FE2-4C7A-8865-1502459519DB}.Ad-Hoc|iPhone.Build.0 = Release|x86
		{2C18A7D9-9FE2-4C7A-8865-1502459519DB}.Ad-Hoc|iPhone.Deploy.0 = Release|x86
		{2C18A7D9-9FE2-4C7A-8865-1502459519DB}.Ad-Hoc|iPhoneSimulator.ActiveCfg = Release|x86
		{2C18A7D9-9FE2-4C7A-8865-1502459519DB}.Ad-Hoc|iPhoneSimulator.Build.0 = Release|x86
		{2C18A7D9-9FE2-4C7A-8865-1502459519DB}.Ad-Hoc|iPhoneSimulator.Deploy.0 = Release|x86
		{2C18A7D9-9FE2-4C7A-8865-1502459519DB}.Ad-Hoc|x64.ActiveCfg = Release|x64
		{2C18A7D9-9FE2-4C7A-8865-1502459519DB}.Ad-Hoc|x64.Build.0 = Release|x64
		{2C18A7D9-9FE2-4C7A-8865-1502459519DB}.Ad-Hoc|x64.Deploy.0 = Release|x64
		{2C18A7D9-9FE2-4C7A-8865-1502459519DB}.Ad-Hoc|x86.ActiveCfg = Release|x86
		{2C18A7D9-9FE2-4C7A-8865-1502459519DB}.Ad-Hoc|x86.Build.0 = Release|x86
		{2C18A7D9-9FE2-4C7A-8865-1502459519DB}.Ad-Hoc|x86.Deploy.0 = Release|x86
		{2C18A7D9-9FE2-4C7A-8865-1502459519DB}.AppStore|Any CPU.ActiveCfg = Release|x86
		{2C18A7D9-9FE2-4C7A-8865-1502459519DB}.AppStore|Any CPU.Build.0 = Release|x86
		{2C18A7D9-9FE2-4C7A-8865-1502459519DB}.AppStore|Any CPU.Deploy.0 = Release|x86
		{2C18A7D9-9FE2-4C7A-8865-1502459519DB}.AppStore|ARM.ActiveCfg = Release|ARM
		{2C18A7D9-9FE2-4C7A-8865-1502459519DB}.AppStore|ARM.Build.0 = Release|ARM
		{2C18A7D9-9FE2-4C7A-8865-1502459519DB}.AppStore|ARM.Deploy.0 = Release|ARM
		{2C18A7D9-9FE2-4C7A-8865-1502459519DB}.AppStore|iPhone.ActiveCfg = Release|x86
		{2C18A7D9-9FE2-4C7A-8865-1502459519DB}.AppStore|iPhone.Build.0 = Release|x86
		{2C18A7D9-9FE2-4C7A-8865-1502459519DB}.AppStore|iPhone.Deploy.0 = Release|x86
		{2C18A7D9-9FE2-4C7A-8865-1502459519DB}.AppStore|iPhoneSimulator.ActiveCfg = Release|x86
		{2C18A7D9-9FE2-4C7A-8865-1502459519DB}.AppStore|iPhoneSimulator.Build.0 = Release|x86
		{2C18A7D9-9FE2-4C7A-8865-1502459519DB}.AppStore|iPhoneSimulator.Deploy.0 = Release|x86
		{2C18A7D9-9FE2-4C7A-8865-1502459519DB}.AppStore|x64.ActiveCfg = Release|x64
		{2C18A7D9-9FE2-4C7A-8865-1502459519DB}.AppStore|x64.Build.0 = Release|x64
		{2C18A7D9-9FE2-4C7A-8865-1502459519DB}.AppStore|x64.Deploy.0 = Release|x64
		{2C18A7D9-9FE2-4C7A-8865-1502459519DB}.AppStore|x86.ActiveCfg = Release|x86
		{2C18A7D9-9FE2-4C7A-8865-1502459519DB}.AppStore|x86.Build.0 = Release|x86
		{2C18A7D9-9FE2-4C7A-8865-1502459519DB}.AppStore|x86.Deploy.0 = Release|x86
		{2C18A7D9-9FE2-4C7A-8865-1502459519DB}.Debug|Any CPU.ActiveCfg = Debug|x86
		{2C18A7D9-9FE2-4C7A-8865-1502459519DB}.Debug|ARM.ActiveCfg = Debug|ARM
		{2C18A7D9-9FE2-4C7A-8865-1502459519DB}.Debug|ARM.Build.0 = Debug|ARM
		{2C18A7D9-9FE2-4C7A-8865-1502459519DB}.Debug|ARM.Deploy.0 = Debug|ARM
		{2C18A7D9-9FE2-4C7A-8865-1502459519DB}.Debug|iPhone.ActiveCfg = Debug|x86
		{2C18A7D9-9FE2-4C7A-8865-1502459519DB}.Debug|iPhoneSimulator.ActiveCfg = Debug|x86
		{2C18A7D9-9FE2-4C7A-8865-1502459519DB}.Debug|x64.ActiveCfg = Debug|x64
		{2C18A7D9-9FE2-4C7A-8865-1502459519DB}.Debug|x64.Build.0 = Debug|x64
		{2C18A7D9-9FE2-4C7A-8865-1502459519DB}.Debug|x64.Deploy.0 = Debug|x64
		{2C18A7D9-9FE2-4C7A-8865-1502459519DB}.Debug|x86.ActiveCfg = Debug|x86
		{2C18A7D9-9FE2-4C7A-8865-1502459519DB}.Debug|x86.Build.0 = Debug|x86
		{2C18A7D9-9FE2-4C7A-8865-1502459519DB}.Debug|x86.Deploy.0 = Debug|x86
		{2C18A7D9-9FE2-4C7A-8865-1502459519DB}.Release|Any CPU.ActiveCfg = Release|x86
		{2C18A7D9-9FE2-4C7A-8865-1502459519DB}.Release|ARM.ActiveCfg = Release|ARM
		{2C18A7D9-9FE2-4C7A-8865-1502459519DB}.Release|ARM.Build.0 = Release|ARM
		{2C18A7D9-9FE2-4C7A-8865-1502459519DB}.Release|ARM.Deploy.0 = Release|ARM
		{2C18A7D9-9FE2-4C7A-8865-1502459519DB}.Release|iPhone.ActiveCfg = Release|x86
		{2C18A7D9-9FE2-4C7A-8865-1502459519DB}.Release|iPhoneSimulator.ActiveCfg = Release|x86
		{2C18A7D9-9FE2-4C7A-8865-1502459519DB}.Release|x64.ActiveCfg = Release|x64
		{2C18A7D9-9FE2-4C7A-8865-1502459519DB}.Release|x64.Build.0 = Release|x64
		{2C18A7D9-9FE2-4C7A-8865-1502459519DB}.Release|x64.Deploy.0 = Release|x64
		{2C18A7D9-9FE2-4C7A-8865-1502459519DB}.Release|x86.ActiveCfg = Release|x86
		{2C18A7D9-9FE2-4C7A-8865-1502459519DB}.Release|x86.Build.0 = Release|x86
		{2C18A7D9-9FE2-4C7A-8865-1502459519DB}.Release|x86.Deploy.0 = Release|x86
	EndGlobalSection
	GlobalSection(SolutionProperties) = preSolution
		HideSolutionNode = FALSE
	EndGlobalSection
	GlobalSection(ExtensibilityGlobals) = postSolution
		SolutionGuid = {05BE31FA-6DAB-432D-9392-977E5681818B}
	EndGlobalSection
EndGlobal
